Microsoft Visual Studio Solution File, Format Version 12.00
# Visual Studio 2012
Project("{FAE04EC0-301F-11D3-BF4B-00C04F79EFBC}") = "MyPongRecreation", "MyPongRecreation.csproj", "{88531A8C-C1D4-446C-BAFA-42C67CA571FE}"
EndProject
Global
	GlobalSection(SolutionConfigurationPlatforms) = preSolution
	Debug|Any CPU = Debug|Any CPU
	ExportDebug|Any CPU = ExportDebug|Any CPU
	ExportRelease|Any CPU = ExportRelease|Any CPU
	EndGlobalSection
	GlobalSection(ProjectConfigurationPlatforms) = postSolution
		{88531A8C-C1D4-446C-BAFA-42C67CA571FE}.Debug|Any CPU.ActiveCfg = Debug|Any CPU
		{88531A8C-C1D4-446C-BAFA-42C67CA571FE}.Debug|Any CPU.Build.0 = Debug|Any CPU
		{88531A8C-C1D4-446C-BAFA-42C67CA571FE}.ExportDebug|Any CPU.ActiveCfg = ExportDebug|Any CPU
		{88531A8C-C1D4-446C-BAFA-42C67CA571FE}.ExportDebug|Any CPU.Build.0 = ExportDebug|Any CPU
		{88531A8C-C1D4-446C-BAFA-42C67CA571FE}.ExportRelease|Any CPU.ActiveCfg = ExportRelease|Any CPU
		{88531A8C-C1D4-446C-BAFA-42C67CA571FE}.ExportRelease|Any CPU.Build.0 = ExportRelease|Any CPU
	EndGlobalSection
EndGlobal
